
Microsoft Visual Studio Solution File, Format Version 12.00
# Visual Studio Version 17
VisualStudioVersion = 17.1.32421.90
MinimumVisualStudioVersion = 10.0.40219.1
Project("{54A90642-561A-4BB1-A94E-469ADEE60C69}") = "TemplateS.Client", "TemplateS.Client\TemplateS.Client.esproj", "{1E0840B8-B86A-4588-B0DA-9BB380CFA72C}"
EndProject
Project("{54A90642-561A-4BB1-A94E-469ADEE60C69}") = "TemplateS.Client.React", "TemplateS.Client.React\TemplateS.Client.React.esproj", "{E018122B-6A8C-4633-936A-4989B8715784}"
EndProject
Global
	GlobalSection(SolutionConfigurationPlatforms) = preSolution
		Debug|Any CPU = Debug|Any CPU
		Release|Any CPU = Release|Any CPU
	EndGlobalSection
	GlobalSection(ProjectConfigurationPlatforms) = postSolution
		{1E0840B8-B86A-4588-B0DA-9BB380CFA72C}.Debug|Any CPU.ActiveCfg = Debug|Any CPU
		{1E0840B8-B86A-4588-B0DA-9BB380CFA72C}.Debug|Any CPU.Build.0 = Debug|Any CPU
		{1E0840B8-B86A-4588-B0DA-9BB380CFA72C}.Debug|Any CPU.Deploy.0 = Debug|Any CPU
		{1E0840B8-B86A-4588-B0DA-9BB380CFA72C}.Release|Any CPU.ActiveCfg = Release|Any CPU
		{1E0840B8-B86A-4588-B0DA-9BB380CFA72C}.Release|Any CPU.Build.0 = Release|Any CPU
		{1E0840B8-B86A-4588-B0DA-9BB380CFA72C}.Release|Any CPU.Deploy.0 = Release|Any CPU
		{E018122B-6A8C-4633-936A-4989B8715784}.Debug|Any CPU.ActiveCfg = Debug|Any CPU
		{E018122B-6A8C-4633-936A-4989B8715784}.Debug|Any CPU.Build.0 = Debug|Any CPU
		{E018122B-6A8C-4633-936A-4989B8715784}.Debug|Any CPU.Deploy.0 = Debug|Any CPU
		{E018122B-6A8C-4633-936A-4989B8715784}.Release|Any CPU.ActiveCfg = Release|Any CPU
		{E018122B-6A8C-4633-936A-4989B8715784}.Release|Any CPU.Build.0 = Release|Any CPU
		{E018122B-6A8C-4633-936A-4989B8715784}.Release|Any CPU.Deploy.0 = Release|Any CPU
	EndGlobalSection
	GlobalSection(SolutionProperties) = preSolution
		HideSolutionNode = FALSE
	EndGlobalSection
	GlobalSection(ExtensibilityGlobals) = postSolution
		SolutionGuid = {C927FA74-A40F-492D-B200-2527147AF35F}
	EndGlobalSection
EndGlobal
